
Microsoft Visual Studio Solution File, Format Version 12.00
# Visual Studio Version 16
VisualStudioVersion = 16.0.30907.101
MinimumVisualStudioVersion = 10.0.40219.1
Project("{2150E333-8FDC-42A3-9474-1A3956D46DE8}") = "Solution Items", "Solution Items", "{23B94B73-14E9-4EA9-B17C-988BCAF34E10}"
	ProjectSection(SolutionItems) = preProject
		docker-compose.yml = docker-compose.yml
		ReadMe.md = ReadMe.md
	EndProjectSection
EndProject
Project("{FAE04EC0-301F-11D3-BF4B-00C04F79EFBC}") = "ProducerApp", "ProducerApp\ProducerApp.csproj", "{707EC015-7004-4486-B85B-A11DF8FCBE6A}"
EndProject
Project("{FAE04EC0-301F-11D3-BF4B-00C04F79EFBC}") = "ConsumerApp", "ConsumerApp\ConsumerApp.csproj", "{658ECA3A-ABED-4FB1-B39C-F033C73CCA30}"
EndProject
Global
	GlobalSection(SolutionConfigurationPlatforms) = preSolution
		Debug|Any CPU = Debug|Any CPU
		Release|Any CPU = Release|Any CPU
	EndGlobalSection
	GlobalSection(ProjectConfigurationPlatforms) = postSolution
		{707EC015-7004-4486-B85B-A11DF8FCBE6A}.Debug|Any CPU.ActiveCfg = Debug|Any CPU
		{707EC015-7004-4486-B85B-A11DF8FCBE6A}.Debug|Any CPU.Build.0 = Debug|Any CPU
		{707EC015-7004-4486-B85B-A11DF8FCBE6A}.Release|Any CPU.ActiveCfg = Release|Any CPU
		{707EC015-7004-4486-B85B-A11DF8FCBE6A}.Release|Any CPU.Build.0 = Release|Any CPU
		{658ECA3A-ABED-4FB1-B39C-F033C73CCA30}.Debug|Any CPU.ActiveCfg = Debug|Any CPU
		{658ECA3A-ABED-4FB1-B39C-F033C73CCA30}.Debug|Any CPU.Build.0 = Debug|Any CPU
		{658ECA3A-ABED-4FB1-B39C-F033C73CCA30}.Release|Any CPU.ActiveCfg = Release|Any CPU
		{658ECA3A-ABED-4FB1-B39C-F033C73CCA30}.Release|Any CPU.Build.0 = Release|Any CPU
	EndGlobalSection
	GlobalSection(SolutionProperties) = preSolution
		HideSolutionNode = FALSE
	EndGlobalSection
	GlobalSection(ExtensibilityGlobals) = postSolution
		SolutionGuid = {15FFAF42-BDF7-4900-BCEE-E868621B8624}
	EndGlobalSection
EndGlobal
